
Microsoft Visual Studio Solution File, Format Version 12.00
# Visual Studio Version 17
VisualStudioVersion = 17.5.33530.505
MinimumVisualStudioVersion = 10.0.40219.1
Project("{FAE04EC0-301F-11D3-BF4B-00C04F79EFBC}") = "MyProject.Test", "MyProject.Test\MyProject.Test.csproj", "{57CDA253-38C1-4071-BDCF-2B02DCC2A970}"
EndProject
Global
	GlobalSection(SolutionConfigurationPlatforms) = preSolution
		Debug|Any CPU = Debug|Any CPU
		Release|Any CPU = Release|Any CPU
	EndGlobalSection
	GlobalSection(ProjectConfigurationPlatforms) = postSolution
		{57CDA253-38C1-4071-BDCF-2B02DCC2A970}.Debug|Any CPU.ActiveCfg = Debug|Any CPU
		{57CDA253-38C1-4071-BDCF-2B02DCC2A970}.Debug|Any CPU.Build.0 = Debug|Any CPU
		{57CDA253-38C1-4071-BDCF-2B02DCC2A970}.Release|Any CPU.ActiveCfg = Release|Any CPU
		{57CDA253-38C1-4071-BDCF-2B02DCC2A970}.Release|Any CPU.Build.0 = Release|Any CPU
	EndGlobalSection
	GlobalSection(SolutionProperties) = preSolution
		HideSolutionNode = FALSE
	EndGlobalSection
	GlobalSection(ExtensibilityGlobals) = postSolution
		SolutionGuid = {AD959BBB-C1FD-454A-B6C4-BD99CFB75E6B}
	EndGlobalSection
EndGlobal
